
Microsoft Visual Studio Solution File, Format Version 12.00
# Visual Studio 14
VisualStudioVersion = 14.0.25420.1
MinimumVisualStudioVersion = 10.0.40219.1
Project("{8BC9CEB8-8B4A-11D0-8D11-00A0C91BC942}") = "Modbus_Disco", "Modbus_Disco.vcxproj", "{3F16DC4B-7E83-4F11-A8DE-5F4F33737C5B}"
EndProject
Global
	GlobalSection(SolutionConfigurationPlatforms) = preSolution
		Debug|VisualGDB = Debug|VisualGDB
		Release|VisualGDB = Release|VisualGDB
	EndGlobalSection
	GlobalSection(ProjectConfigurationPlatforms) = postSolution
		{3F16DC4B-7E83-4F11-A8DE-5F4F33737C5B}.Debug|VisualGDB.ActiveCfg = Debug|VisualGDB
		{3F16DC4B-7E83-4F11-A8DE-5F4F33737C5B}.Debug|VisualGDB.Build.0 = Debug|VisualGDB
		{3F16DC4B-7E83-4F11-A8DE-5F4F33737C5B}.Release|VisualGDB.ActiveCfg = Release|VisualGDB
		{3F16DC4B-7E83-4F11-A8DE-5F4F33737C5B}.Release|VisualGDB.Build.0 = Release|VisualGDB
	EndGlobalSection
	GlobalSection(SolutionProperties) = preSolution
		HideSolutionNode = FALSE
	EndGlobalSection
EndGlobal
